
Microsoft Visual Studio Solution File, Format Version 12.00
# Visual Studio Version 17
VisualStudioVersion = 17.6.33829.357
MinimumVisualStudioVersion = 10.0.40219.1
Project("{FAE04EC0-301F-11D3-BF4B-00C04F79EFBC}") = "BuyerBackend", "BuyerBackend\BuyerBackend.csproj", "{E3E2547F-C694-4F91-9C6A-A4FE70C3F951}"
EndProject
Project("{FAE04EC0-301F-11D3-BF4B-00C04F79EFBC}") = "BuyerService", "BuyerService\BuyerService.csproj", "{7E8C82A8-0053-42B2-9520-2CFAABD3BC8D}"
EndProject
Global
	GlobalSection(SolutionConfigurationPlatforms) = preSolution
		Debug|Any CPU = Debug|Any CPU
		Release|Any CPU = Release|Any CPU
	EndGlobalSection
	GlobalSection(ProjectConfigurationPlatforms) = postSolution
		{E3E2547F-C694-4F91-9C6A-A4FE70C3F951}.Debug|Any CPU.ActiveCfg = Debug|Any CPU
		{E3E2547F-C694-4F91-9C6A-A4FE70C3F951}.Debug|Any CPU.Build.0 = Debug|Any CPU
		{E3E2547F-C694-4F91-9C6A-A4FE70C3F951}.Release|Any CPU.ActiveCfg = Release|Any CPU
		{E3E2547F-C694-4F91-9C6A-A4FE70C3F951}.Release|Any CPU.Build.0 = Release|Any CPU
		{7E8C82A8-0053-42B2-9520-2CFAABD3BC8D}.Debug|Any CPU.ActiveCfg = Debug|Any CPU
		{7E8C82A8-0053-42B2-9520-2CFAABD3BC8D}.Debug|Any CPU.Build.0 = Debug|Any CPU
		{7E8C82A8-0053-42B2-9520-2CFAABD3BC8D}.Release|Any CPU.ActiveCfg = Release|Any CPU
		{7E8C82A8-0053-42B2-9520-2CFAABD3BC8D}.Release|Any CPU.Build.0 = Release|Any CPU
	EndGlobalSection
	GlobalSection(SolutionProperties) = preSolution
		HideSolutionNode = FALSE
	EndGlobalSection
	GlobalSection(ExtensibilityGlobals) = postSolution
		SolutionGuid = {B4BC94D5-1F33-4C1C-89D2-53CA30C39B7C}
	EndGlobalSection
EndGlobal
